
Microsoft Visual Studio Solution File, Format Version 12.00
# Visual Studio Version 17
VisualStudioVersion = 17.11.35312.102
MinimumVisualStudioVersion = 10.0.40219.1
Project("{FAE04EC0-301F-11D3-BF4B-00C04F79EFBC}") = "NoBuscaMinasUI", "NoBuscaMinasUI\NoBuscaMinasUI.csproj", "{A8912625-D88D-4D41-B74C-DBEE24B1DDAA}"
EndProject
Project("{FAE04EC0-301F-11D3-BF4B-00C04F79EFBC}") = "Modelos", "Modelos\Modelos.csproj", "{6ED66FEB-5C86-4144-A992-56B38BE6DEA9}"
EndProject
Project("{FAE04EC0-301F-11D3-BF4B-00C04F79EFBC}") = "BL", "BL\BL.csproj", "{171B61CF-330C-4D4E-84E8-5C25CB836FED}"
EndProject
Global
	GlobalSection(SolutionConfigurationPlatforms) = preSolution
		Debug|Any CPU = Debug|Any CPU
		Release|Any CPU = Release|Any CPU
	EndGlobalSection
	GlobalSection(ProjectConfigurationPlatforms) = postSolution
		{A8912625-D88D-4D41-B74C-DBEE24B1DDAA}.Debug|Any CPU.ActiveCfg = Debug|Any CPU
		{A8912625-D88D-4D41-B74C-DBEE24B1DDAA}.Debug|Any CPU.Build.0 = Debug|Any CPU
		{A8912625-D88D-4D41-B74C-DBEE24B1DDAA}.Debug|Any CPU.Deploy.0 = Debug|Any CPU
		{A8912625-D88D-4D41-B74C-DBEE24B1DDAA}.Release|Any CPU.ActiveCfg = Release|Any CPU
		{A8912625-D88D-4D41-B74C-DBEE24B1DDAA}.Release|Any CPU.Build.0 = Release|Any CPU
		{A8912625-D88D-4D41-B74C-DBEE24B1DDAA}.Release|Any CPU.Deploy.0 = Release|Any CPU
		{6ED66FEB-5C86-4144-A992-56B38BE6DEA9}.Debug|Any CPU.ActiveCfg = Debug|Any CPU
		{6ED66FEB-5C86-4144-A992-56B38BE6DEA9}.Debug|Any CPU.Build.0 = Debug|Any CPU
		{6ED66FEB-5C86-4144-A992-56B38BE6DEA9}.Release|Any CPU.ActiveCfg = Release|Any CPU
		{6ED66FEB-5C86-4144-A992-56B38BE6DEA9}.Release|Any CPU.Build.0 = Release|Any CPU
		{171B61CF-330C-4D4E-84E8-5C25CB836FED}.Debug|Any CPU.ActiveCfg = Debug|Any CPU
		{171B61CF-330C-4D4E-84E8-5C25CB836FED}.Debug|Any CPU.Build.0 = Debug|Any CPU
		{171B61CF-330C-4D4E-84E8-5C25CB836FED}.Release|Any CPU.ActiveCfg = Release|Any CPU
		{171B61CF-330C-4D4E-84E8-5C25CB836FED}.Release|Any CPU.Build.0 = Release|Any CPU
	EndGlobalSection
	GlobalSection(SolutionProperties) = preSolution
		HideSolutionNode = FALSE
	EndGlobalSection
	GlobalSection(ExtensibilityGlobals) = postSolution
		SolutionGuid = {50EDAAD8-C4B9-4E3C-8FF5-599A082F6090}
	EndGlobalSection
EndGlobal
