
Microsoft Visual Studio Solution File, Format Version 12.00
# Visual Studio Version 17
VisualStudioVersion = 17.11.35312.102
MinimumVisualStudioVersion = 10.0.40219.1
Project("{FAE04EC0-301F-11D3-BF4B-00C04F79EFBC}") = "ChatBlazor", "ChatBlazor\ChatBlazor.csproj", "{CC79CBDF-C9DE-461E-9B06-F01A4F590D19}"
EndProject
Project("{FAE04EC0-301F-11D3-BF4B-00C04F79EFBC}") = "ChatBueno", "ChatBueno\ChatBueno\ChatBueno.csproj", "{FD30E98B-844E-4040-BE75-B17AA3D72026}"
EndProject
Project("{FAE04EC0-301F-11D3-BF4B-00C04F79EFBC}") = "ChatBueno.Client", "ChatBueno\ChatBueno.Client\ChatBueno.Client.csproj", "{C4ED58AD-0132-4757-A68F-FFC3E8BCFA49}"
EndProject
Global
	GlobalSection(SolutionConfigurationPlatforms) = preSolution
		Debug|Any CPU = Debug|Any CPU
		Release|Any CPU = Release|Any CPU
	EndGlobalSection
	GlobalSection(ProjectConfigurationPlatforms) = postSolution
		{CC79CBDF-C9DE-461E-9B06-F01A4F590D19}.Debug|Any CPU.ActiveCfg = Debug|Any CPU
		{CC79CBDF-C9DE-461E-9B06-F01A4F590D19}.Debug|Any CPU.Build.0 = Debug|Any CPU
		{CC79CBDF-C9DE-461E-9B06-F01A4F590D19}.Release|Any CPU.ActiveCfg = Release|Any CPU
		{CC79CBDF-C9DE-461E-9B06-F01A4F590D19}.Release|Any CPU.Build.0 = Release|Any CPU
		{FD30E98B-844E-4040-BE75-B17AA3D72026}.Debug|Any CPU.ActiveCfg = Debug|Any CPU
		{FD30E98B-844E-4040-BE75-B17AA3D72026}.Debug|Any CPU.Build.0 = Debug|Any CPU
		{FD30E98B-844E-4040-BE75-B17AA3D72026}.Release|Any CPU.ActiveCfg = Release|Any CPU
		{FD30E98B-844E-4040-BE75-B17AA3D72026}.Release|Any CPU.Build.0 = Release|Any CPU
		{C4ED58AD-0132-4757-A68F-FFC3E8BCFA49}.Debug|Any CPU.ActiveCfg = Debug|Any CPU
		{C4ED58AD-0132-4757-A68F-FFC3E8BCFA49}.Debug|Any CPU.Build.0 = Debug|Any CPU
		{C4ED58AD-0132-4757-A68F-FFC3E8BCFA49}.Release|Any CPU.ActiveCfg = Release|Any CPU
		{C4ED58AD-0132-4757-A68F-FFC3E8BCFA49}.Release|Any CPU.Build.0 = Release|Any CPU
	EndGlobalSection
	GlobalSection(SolutionProperties) = preSolution
		HideSolutionNode = FALSE
	EndGlobalSection
	GlobalSection(ExtensibilityGlobals) = postSolution
		SolutionGuid = {A3848548-B4A1-48EA-AD77-450C6A7329D6}
	EndGlobalSection
EndGlobal
