
Microsoft Visual Studio Solution File, Format Version 12.00
# Visual Studio Version 17
VisualStudioVersion = 17.11.35312.102
MinimumVisualStudioVersion = 10.0.40219.1
Project("{9A19103F-16F7-4668-BE54-9A1E7A4F7556}") = "EjercicioEdad", "EjercicioEdad\EjercicioEdad.csproj", "{F29047BF-A461-4E49-B137-A5AE915A1E34}"
EndProject
Project("{9A19103F-16F7-4668-BE54-9A1E7A4F7556}") = "Ejercicio02", "Ejercicio02\Ejercicio02.csproj", "{1950F8DB-3B6D-48B3-9B4C-F93288CB02C5}"
EndProject
Project("{9A19103F-16F7-4668-BE54-9A1E7A4F7556}") = "Ejercicio03UI", "Ejercicio03UI\Ejercicio03UI.csproj", "{DF1F62D2-B3E2-42EE-9D34-30C8C0D3E93A}"
EndProject
Project("{9A19103F-16F7-4668-BE54-9A1E7A4F7556}") = "Entidades", "Entidades\Entidades.csproj", "{12358B54-9CFD-4E99-BC62-434A0B2F7856}"
EndProject
Project("{2150E333-8FDC-42A3-9474-1A3956D46DE8}") = "EjerciciosTXt", "EjerciciosTXt", "{09ADE43F-974B-4311-B5B8-73B26FE07222}"
	ProjectSection(SolutionItems) = preProject
		ejercicio01.txt = ejercicio01.txt
		ejercicio02.txt = ejercicio02.txt
		ejercicio03.txt = ejercicio03.txt
		ejercicio04.txt = ejercicio04.txt
		ejercicio05.txt = ejercicio05.txt
	EndProjectSection
EndProject
Project("{9A19103F-16F7-4668-BE54-9A1E7A4F7556}") = "Ejercicio04", "Ejercicio04\Ejercicio04.csproj", "{C3780979-1156-46B3-8946-818F25B25370}"
EndProject
Project("{9A19103F-16F7-4668-BE54-9A1E7A4F7556}") = "Ejercicio05UI", "Ejercicio05UI\Ejercicio05UI.csproj", "{43A3E2A5-A368-40A1-9579-B0537874EFC0}"
EndProject
Project("{9A19103F-16F7-4668-BE54-9A1E7A4F7556}") = "Entidades05", "Entidades05\Entidades05.csproj", "{CC750B7F-6F24-445B-A238-A29A21892B46}"
EndProject
Project("{9A19103F-16F7-4668-BE54-9A1E7A4F7556}") = "DAL05", "DAL05\DAL05.csproj", "{B4956739-17D6-4012-8A4F-C1A2CC9B7BB5}"
EndProject
Project("{FAE04EC0-301F-11D3-BF4B-00C04F79EFBC}") = "EjercicioUd10", "EjercicioUd06\EjercicioUd10.csproj", "{878A1F5E-477E-48FA-85FE-455ED03DE9C9}"
EndProject
Global
	GlobalSection(SolutionConfigurationPlatforms) = preSolution
		Debug|Any CPU = Debug|Any CPU
		Release|Any CPU = Release|Any CPU
	EndGlobalSection
	GlobalSection(ProjectConfigurationPlatforms) = postSolution
		{F29047BF-A461-4E49-B137-A5AE915A1E34}.Debug|Any CPU.ActiveCfg = Debug|Any CPU
		{F29047BF-A461-4E49-B137-A5AE915A1E34}.Debug|Any CPU.Build.0 = Debug|Any CPU
		{F29047BF-A461-4E49-B137-A5AE915A1E34}.Debug|Any CPU.Deploy.0 = Debug|Any CPU
		{F29047BF-A461-4E49-B137-A5AE915A1E34}.Release|Any CPU.ActiveCfg = Release|Any CPU
		{F29047BF-A461-4E49-B137-A5AE915A1E34}.Release|Any CPU.Build.0 = Release|Any CPU
		{F29047BF-A461-4E49-B137-A5AE915A1E34}.Release|Any CPU.Deploy.0 = Release|Any CPU
		{1950F8DB-3B6D-48B3-9B4C-F93288CB02C5}.Debug|Any CPU.ActiveCfg = Debug|Any CPU
		{1950F8DB-3B6D-48B3-9B4C-F93288CB02C5}.Debug|Any CPU.Build.0 = Debug|Any CPU
		{1950F8DB-3B6D-48B3-9B4C-F93288CB02C5}.Debug|Any CPU.Deploy.0 = Debug|Any CPU
		{1950F8DB-3B6D-48B3-9B4C-F93288CB02C5}.Release|Any CPU.ActiveCfg = Release|Any CPU
		{1950F8DB-3B6D-48B3-9B4C-F93288CB02C5}.Release|Any CPU.Build.0 = Release|Any CPU
		{1950F8DB-3B6D-48B3-9B4C-F93288CB02C5}.Release|Any CPU.Deploy.0 = Release|Any CPU
		{DF1F62D2-B3E2-42EE-9D34-30C8C0D3E93A}.Debug|Any CPU.ActiveCfg = Debug|Any CPU
		{DF1F62D2-B3E2-42EE-9D34-30C8C0D3E93A}.Debug|Any CPU.Build.0 = Debug|Any CPU
		{DF1F62D2-B3E2-42EE-9D34-30C8C0D3E93A}.Debug|Any CPU.Deploy.0 = Debug|Any CPU
		{DF1F62D2-B3E2-42EE-9D34-30C8C0D3E93A}.Release|Any CPU.ActiveCfg = Release|Any CPU
		{DF1F62D2-B3E2-42EE-9D34-30C8C0D3E93A}.Release|Any CPU.Build.0 = Release|Any CPU
		{DF1F62D2-B3E2-42EE-9D34-30C8C0D3E93A}.Release|Any CPU.Deploy.0 = Release|Any CPU
		{12358B54-9CFD-4E99-BC62-434A0B2F7856}.Debug|Any CPU.ActiveCfg = Debug|Any CPU
		{12358B54-9CFD-4E99-BC62-434A0B2F7856}.Debug|Any CPU.Build.0 = Debug|Any CPU
		{12358B54-9CFD-4E99-BC62-434A0B2F7856}.Release|Any CPU.ActiveCfg = Release|Any CPU
		{12358B54-9CFD-4E99-BC62-434A0B2F7856}.Release|Any CPU.Build.0 = Release|Any CPU
		{C3780979-1156-46B3-8946-818F25B25370}.Debug|Any CPU.ActiveCfg = Debug|Any CPU
		{C3780979-1156-46B3-8946-818F25B25370}.Debug|Any CPU.Build.0 = Debug|Any CPU
		{C3780979-1156-46B3-8946-818F25B25370}.Debug|Any CPU.Deploy.0 = Debug|Any CPU
		{C3780979-1156-46B3-8946-818F25B25370}.Release|Any CPU.ActiveCfg = Release|Any CPU
		{C3780979-1156-46B3-8946-818F25B25370}.Release|Any CPU.Build.0 = Release|Any CPU
		{C3780979-1156-46B3-8946-818F25B25370}.Release|Any CPU.Deploy.0 = Release|Any CPU
		{43A3E2A5-A368-40A1-9579-B0537874EFC0}.Debug|Any CPU.ActiveCfg = Debug|Any CPU
		{43A3E2A5-A368-40A1-9579-B0537874EFC0}.Debug|Any CPU.Build.0 = Debug|Any CPU
		{43A3E2A5-A368-40A1-9579-B0537874EFC0}.Debug|Any CPU.Deploy.0 = Debug|Any CPU
		{43A3E2A5-A368-40A1-9579-B0537874EFC0}.Release|Any CPU.ActiveCfg = Release|Any CPU
		{43A3E2A5-A368-40A1-9579-B0537874EFC0}.Release|Any CPU.Build.0 = Release|Any CPU
		{43A3E2A5-A368-40A1-9579-B0537874EFC0}.Release|Any CPU.Deploy.0 = Release|Any CPU
		{CC750B7F-6F24-445B-A238-A29A21892B46}.Debug|Any CPU.ActiveCfg = Debug|Any CPU
		{CC750B7F-6F24-445B-A238-A29A21892B46}.Debug|Any CPU.Build.0 = Debug|Any CPU
		{CC750B7F-6F24-445B-A238-A29A21892B46}.Release|Any CPU.ActiveCfg = Release|Any CPU
		{CC750B7F-6F24-445B-A238-A29A21892B46}.Release|Any CPU.Build.0 = Release|Any CPU
		{B4956739-17D6-4012-8A4F-C1A2CC9B7BB5}.Debug|Any CPU.ActiveCfg = Debug|Any CPU
		{B4956739-17D6-4012-8A4F-C1A2CC9B7BB5}.Debug|Any CPU.Build.0 = Debug|Any CPU
		{B4956739-17D6-4012-8A4F-C1A2CC9B7BB5}.Release|Any CPU.ActiveCfg = Release|Any CPU
		{B4956739-17D6-4012-8A4F-C1A2CC9B7BB5}.Release|Any CPU.Build.0 = Release|Any CPU
		{878A1F5E-477E-48FA-85FE-455ED03DE9C9}.Debug|Any CPU.ActiveCfg = Debug|Any CPU
		{878A1F5E-477E-48FA-85FE-455ED03DE9C9}.Debug|Any CPU.Build.0 = Debug|Any CPU
		{878A1F5E-477E-48FA-85FE-455ED03DE9C9}.Debug|Any CPU.Deploy.0 = Debug|Any CPU
		{878A1F5E-477E-48FA-85FE-455ED03DE9C9}.Release|Any CPU.ActiveCfg = Release|Any CPU
		{878A1F5E-477E-48FA-85FE-455ED03DE9C9}.Release|Any CPU.Build.0 = Release|Any CPU
		{878A1F5E-477E-48FA-85FE-455ED03DE9C9}.Release|Any CPU.Deploy.0 = Release|Any CPU
	EndGlobalSection
	GlobalSection(SolutionProperties) = preSolution
		HideSolutionNode = FALSE
	EndGlobalSection
	GlobalSection(ExtensibilityGlobals) = postSolution
		SolutionGuid = {B09E066B-35F4-4D7A-B089-207910AEE5A6}
	EndGlobalSection
EndGlobal
