
Microsoft Visual Studio Solution File, Format Version 12.00
# Visual Studio Version 17
VisualStudioVersion = 17.11.35312.102
MinimumVisualStudioVersion = 10.0.40219.1
Project("{9A19103F-16F7-4668-BE54-9A1E7A4F7556}") = "EjercicioPrueba", "EjercicioPrueba\EjercicioPrueba.csproj", "{11F4D471-EC4F-4929-925E-9D70A423F78A}"
EndProject
Project("{9A19103F-16F7-4668-BE54-9A1E7A4F7556}") = "Ejercicio01", "Ejercicio01\Ejercicio01.csproj", "{0D14F890-5BCF-4BF0-BA1D-32652E67D5A3}"
EndProject
Project("{9A19103F-16F7-4668-BE54-9A1E7A4F7556}") = "Ejercicio02", "Ejercicio02\Ejercicio02.csproj", "{4DCFA64E-6F30-49F3-969B-8EFFF6B3D218}"
EndProject
Project("{9A19103F-16F7-4668-BE54-9A1E7A4F7556}") = "Ejercicio03", "Ejercicio03\Ejercicio03.csproj", "{082B9E2E-33A7-4B51-B217-8FC6449F6552}"
EndProject
Project("{9A19103F-16F7-4668-BE54-9A1E7A4F7556}") = "Ejercicio04", "Ejercicio04\Ejercicio04.csproj", "{4445198C-1D5C-48A4-AFE2-501A04C6BB40}"
EndProject
Project("{FAE04EC0-301F-11D3-BF4B-00C04F79EFBC}") = "Ejercicio05ENT", "Ejercicio05ENT\Ejercicio05ENT.csproj", "{7B63D049-C470-45FA-9C5F-EAA0B48B77CC}"
EndProject
Project("{FAE04EC0-301F-11D3-BF4B-00C04F79EFBC}") = "Ejercicio05DAL", "Ejercicio05DAL\Ejercicio05DAL.csproj", "{27EDF19A-63C1-4CCA-BC35-D69D9581BF83}"
EndProject
Project("{FAE04EC0-301F-11D3-BF4B-00C04F79EFBC}") = "Ejercicio05UI", "Ejercicio05UI\Ejercicio05UI.csproj", "{74A45D9D-1D01-4173-9613-55D8993A8B44}"
EndProject
Global
	GlobalSection(SolutionConfigurationPlatforms) = preSolution
		Debug|Any CPU = Debug|Any CPU
		Release|Any CPU = Release|Any CPU
	EndGlobalSection
	GlobalSection(ProjectConfigurationPlatforms) = postSolution
		{11F4D471-EC4F-4929-925E-9D70A423F78A}.Debug|Any CPU.ActiveCfg = Debug|Any CPU
		{11F4D471-EC4F-4929-925E-9D70A423F78A}.Debug|Any CPU.Build.0 = Debug|Any CPU
		{11F4D471-EC4F-4929-925E-9D70A423F78A}.Debug|Any CPU.Deploy.0 = Debug|Any CPU
		{11F4D471-EC4F-4929-925E-9D70A423F78A}.Release|Any CPU.ActiveCfg = Release|Any CPU
		{11F4D471-EC4F-4929-925E-9D70A423F78A}.Release|Any CPU.Build.0 = Release|Any CPU
		{11F4D471-EC4F-4929-925E-9D70A423F78A}.Release|Any CPU.Deploy.0 = Release|Any CPU
		{0D14F890-5BCF-4BF0-BA1D-32652E67D5A3}.Debug|Any CPU.ActiveCfg = Debug|Any CPU
		{0D14F890-5BCF-4BF0-BA1D-32652E67D5A3}.Debug|Any CPU.Build.0 = Debug|Any CPU
		{0D14F890-5BCF-4BF0-BA1D-32652E67D5A3}.Debug|Any CPU.Deploy.0 = Debug|Any CPU
		{0D14F890-5BCF-4BF0-BA1D-32652E67D5A3}.Release|Any CPU.ActiveCfg = Release|Any CPU
		{0D14F890-5BCF-4BF0-BA1D-32652E67D5A3}.Release|Any CPU.Build.0 = Release|Any CPU
		{0D14F890-5BCF-4BF0-BA1D-32652E67D5A3}.Release|Any CPU.Deploy.0 = Release|Any CPU
		{4DCFA64E-6F30-49F3-969B-8EFFF6B3D218}.Debug|Any CPU.ActiveCfg = Debug|Any CPU
		{4DCFA64E-6F30-49F3-969B-8EFFF6B3D218}.Debug|Any CPU.Build.0 = Debug|Any CPU
		{4DCFA64E-6F30-49F3-969B-8EFFF6B3D218}.Debug|Any CPU.Deploy.0 = Debug|Any CPU
		{4DCFA64E-6F30-49F3-969B-8EFFF6B3D218}.Release|Any CPU.ActiveCfg = Release|Any CPU
		{4DCFA64E-6F30-49F3-969B-8EFFF6B3D218}.Release|Any CPU.Build.0 = Release|Any CPU
		{4DCFA64E-6F30-49F3-969B-8EFFF6B3D218}.Release|Any CPU.Deploy.0 = Release|Any CPU
		{082B9E2E-33A7-4B51-B217-8FC6449F6552}.Debug|Any CPU.ActiveCfg = Debug|Any CPU
		{082B9E2E-33A7-4B51-B217-8FC6449F6552}.Debug|Any CPU.Build.0 = Debug|Any CPU
		{082B9E2E-33A7-4B51-B217-8FC6449F6552}.Debug|Any CPU.Deploy.0 = Debug|Any CPU
		{082B9E2E-33A7-4B51-B217-8FC6449F6552}.Release|Any CPU.ActiveCfg = Release|Any CPU
		{082B9E2E-33A7-4B51-B217-8FC6449F6552}.Release|Any CPU.Build.0 = Release|Any CPU
		{082B9E2E-33A7-4B51-B217-8FC6449F6552}.Release|Any CPU.Deploy.0 = Release|Any CPU
		{4445198C-1D5C-48A4-AFE2-501A04C6BB40}.Debug|Any CPU.ActiveCfg = Debug|Any CPU
		{4445198C-1D5C-48A4-AFE2-501A04C6BB40}.Debug|Any CPU.Build.0 = Debug|Any CPU
		{4445198C-1D5C-48A4-AFE2-501A04C6BB40}.Debug|Any CPU.Deploy.0 = Debug|Any CPU
		{4445198C-1D5C-48A4-AFE2-501A04C6BB40}.Release|Any CPU.ActiveCfg = Release|Any CPU
		{4445198C-1D5C-48A4-AFE2-501A04C6BB40}.Release|Any CPU.Build.0 = Release|Any CPU
		{4445198C-1D5C-48A4-AFE2-501A04C6BB40}.Release|Any CPU.Deploy.0 = Release|Any CPU
		{7B63D049-C470-45FA-9C5F-EAA0B48B77CC}.Debug|Any CPU.ActiveCfg = Debug|Any CPU
		{7B63D049-C470-45FA-9C5F-EAA0B48B77CC}.Debug|Any CPU.Build.0 = Debug|Any CPU
		{7B63D049-C470-45FA-9C5F-EAA0B48B77CC}.Release|Any CPU.ActiveCfg = Release|Any CPU
		{7B63D049-C470-45FA-9C5F-EAA0B48B77CC}.Release|Any CPU.Build.0 = Release|Any CPU
		{27EDF19A-63C1-4CCA-BC35-D69D9581BF83}.Debug|Any CPU.ActiveCfg = Debug|Any CPU
		{27EDF19A-63C1-4CCA-BC35-D69D9581BF83}.Debug|Any CPU.Build.0 = Debug|Any CPU
		{27EDF19A-63C1-4CCA-BC35-D69D9581BF83}.Release|Any CPU.ActiveCfg = Release|Any CPU
		{27EDF19A-63C1-4CCA-BC35-D69D9581BF83}.Release|Any CPU.Build.0 = Release|Any CPU
		{74A45D9D-1D01-4173-9613-55D8993A8B44}.Debug|Any CPU.ActiveCfg = Debug|Any CPU
		{74A45D9D-1D01-4173-9613-55D8993A8B44}.Debug|Any CPU.Build.0 = Debug|Any CPU
		{74A45D9D-1D01-4173-9613-55D8993A8B44}.Debug|Any CPU.Deploy.0 = Debug|Any CPU
		{74A45D9D-1D01-4173-9613-55D8993A8B44}.Release|Any CPU.ActiveCfg = Release|Any CPU
		{74A45D9D-1D01-4173-9613-55D8993A8B44}.Release|Any CPU.Build.0 = Release|Any CPU
		{74A45D9D-1D01-4173-9613-55D8993A8B44}.Release|Any CPU.Deploy.0 = Release|Any CPU
	EndGlobalSection
	GlobalSection(SolutionProperties) = preSolution
		HideSolutionNode = FALSE
	EndGlobalSection
	GlobalSection(ExtensibilityGlobals) = postSolution
		SolutionGuid = {F16E91CD-EF00-4571-BFA0-5FB72EDFB431}
	EndGlobalSection
EndGlobal
