
Microsoft Visual Studio Solution File, Format Version 12.00
# Visual Studio Version 17
VisualStudioVersion = 17.11.35312.102
MinimumVisualStudioVersion = 10.0.40219.1
Project("{FAE04EC0-301F-11D3-BF4B-00C04F79EFBC}") = "Ejercicio01", "Ejercicio01\Ejercicio01.csproj", "{9B4DAE1F-C34F-4A6B-ADE1-5723D5E4CE6E}"
EndProject
Global
	GlobalSection(SolutionConfigurationPlatforms) = preSolution
		Debug|Any CPU = Debug|Any CPU
		Release|Any CPU = Release|Any CPU
	EndGlobalSection
	GlobalSection(ProjectConfigurationPlatforms) = postSolution
		{9B4DAE1F-C34F-4A6B-ADE1-5723D5E4CE6E}.Debug|Any CPU.ActiveCfg = Debug|Any CPU
		{9B4DAE1F-C34F-4A6B-ADE1-5723D5E4CE6E}.Debug|Any CPU.Build.0 = Debug|Any CPU
		{9B4DAE1F-C34F-4A6B-ADE1-5723D5E4CE6E}.Debug|Any CPU.Deploy.0 = Debug|Any CPU
		{9B4DAE1F-C34F-4A6B-ADE1-5723D5E4CE6E}.Release|Any CPU.ActiveCfg = Release|Any CPU
		{9B4DAE1F-C34F-4A6B-ADE1-5723D5E4CE6E}.Release|Any CPU.Build.0 = Release|Any CPU
		{9B4DAE1F-C34F-4A6B-ADE1-5723D5E4CE6E}.Release|Any CPU.Deploy.0 = Release|Any CPU
	EndGlobalSection
	GlobalSection(SolutionProperties) = preSolution
		HideSolutionNode = FALSE
	EndGlobalSection
	GlobalSection(ExtensibilityGlobals) = postSolution
		SolutionGuid = {74B5E3C8-BD4A-4C86-8B6D-D412A6AED26E}
	EndGlobalSection
EndGlobal
