
Microsoft Visual Studio Solution File, Format Version 12.00
# Visual Studio Version 17
VisualStudioVersion = 17.11.35312.102
MinimumVisualStudioVersion = 10.0.40219.1
Project("{9A19103F-16F7-4668-BE54-9A1E7A4F7556}") = "Ejercicio01", "Ejercicio01\Ejercicio01.csproj", "{9B4DAE1F-C34F-4A6B-ADE1-5723D5E4CE6E}"
EndProject
Project("{9A19103F-16F7-4668-BE54-9A1E7A4F7556}") = "Ejercicio02", "MauiApp1\Ejercicio02.csproj", "{99B76549-3024-4640-8AFD-7E99BC5F3605}"
EndProject
Project("{9A19103F-16F7-4668-BE54-9A1E7A4F7556}") = "Ejercicio03", "Ejercicio03\Ejercicio03.csproj", "{54DAD5B9-A6AB-427E-9BCA-518016EF707C}"
EndProject
Project("{FAE04EC0-301F-11D3-BF4B-00C04F79EFBC}") = "Ejercicio04", "Ejercicio04\Ejercicio04.csproj", "{91F00A90-0284-45AF-9F52-B4484C73C8FC}"
EndProject
Global
	GlobalSection(SolutionConfigurationPlatforms) = preSolution
		Debug|Any CPU = Debug|Any CPU
		Release|Any CPU = Release|Any CPU
	EndGlobalSection
	GlobalSection(ProjectConfigurationPlatforms) = postSolution
		{9B4DAE1F-C34F-4A6B-ADE1-5723D5E4CE6E}.Debug|Any CPU.ActiveCfg = Debug|Any CPU
		{9B4DAE1F-C34F-4A6B-ADE1-5723D5E4CE6E}.Debug|Any CPU.Build.0 = Debug|Any CPU
		{9B4DAE1F-C34F-4A6B-ADE1-5723D5E4CE6E}.Debug|Any CPU.Deploy.0 = Debug|Any CPU
		{9B4DAE1F-C34F-4A6B-ADE1-5723D5E4CE6E}.Release|Any CPU.ActiveCfg = Release|Any CPU
		{9B4DAE1F-C34F-4A6B-ADE1-5723D5E4CE6E}.Release|Any CPU.Build.0 = Release|Any CPU
		{9B4DAE1F-C34F-4A6B-ADE1-5723D5E4CE6E}.Release|Any CPU.Deploy.0 = Release|Any CPU
		{99B76549-3024-4640-8AFD-7E99BC5F3605}.Debug|Any CPU.ActiveCfg = Debug|Any CPU
		{99B76549-3024-4640-8AFD-7E99BC5F3605}.Debug|Any CPU.Build.0 = Debug|Any CPU
		{99B76549-3024-4640-8AFD-7E99BC5F3605}.Debug|Any CPU.Deploy.0 = Debug|Any CPU
		{99B76549-3024-4640-8AFD-7E99BC5F3605}.Release|Any CPU.ActiveCfg = Release|Any CPU
		{99B76549-3024-4640-8AFD-7E99BC5F3605}.Release|Any CPU.Build.0 = Release|Any CPU
		{99B76549-3024-4640-8AFD-7E99BC5F3605}.Release|Any CPU.Deploy.0 = Release|Any CPU
		{54DAD5B9-A6AB-427E-9BCA-518016EF707C}.Debug|Any CPU.ActiveCfg = Debug|Any CPU
		{54DAD5B9-A6AB-427E-9BCA-518016EF707C}.Debug|Any CPU.Build.0 = Debug|Any CPU
		{54DAD5B9-A6AB-427E-9BCA-518016EF707C}.Debug|Any CPU.Deploy.0 = Debug|Any CPU
		{54DAD5B9-A6AB-427E-9BCA-518016EF707C}.Release|Any CPU.ActiveCfg = Release|Any CPU
		{54DAD5B9-A6AB-427E-9BCA-518016EF707C}.Release|Any CPU.Build.0 = Release|Any CPU
		{54DAD5B9-A6AB-427E-9BCA-518016EF707C}.Release|Any CPU.Deploy.0 = Release|Any CPU
		{91F00A90-0284-45AF-9F52-B4484C73C8FC}.Debug|Any CPU.ActiveCfg = Debug|Any CPU
		{91F00A90-0284-45AF-9F52-B4484C73C8FC}.Debug|Any CPU.Build.0 = Debug|Any CPU
		{91F00A90-0284-45AF-9F52-B4484C73C8FC}.Debug|Any CPU.Deploy.0 = Debug|Any CPU
		{91F00A90-0284-45AF-9F52-B4484C73C8FC}.Release|Any CPU.ActiveCfg = Release|Any CPU
		{91F00A90-0284-45AF-9F52-B4484C73C8FC}.Release|Any CPU.Build.0 = Release|Any CPU
		{91F00A90-0284-45AF-9F52-B4484C73C8FC}.Release|Any CPU.Deploy.0 = Release|Any CPU
	EndGlobalSection
	GlobalSection(SolutionProperties) = preSolution
		HideSolutionNode = FALSE
	EndGlobalSection
	GlobalSection(ExtensibilityGlobals) = postSolution
		SolutionGuid = {74B5E3C8-BD4A-4C86-8B6D-D412A6AED26E}
	EndGlobalSection
EndGlobal
